{
  "requires": true,
  "lockfileVersion": 1,
  "dependencies": {
    "use-update-effect": {
      "version": "1.0.0",
      "resolved": "https://registry.npmjs.org/use-update-effect/-/use-update-effect-1.0.0.tgz",
      "integrity": "sha512-cL6onz27kAqH9woAzQSIrsrL3zHZgByZtXy9l0GPZZRLcqvqvVduh36LIurA+8zLT4i+3akgP5Sm42BqjMc99Q=="
    }
  }
}
